
Microsoft Visual Studio Solution File, Format Version 12.00
# Visual Studio Version 16
VisualStudioVersion = 16.0.31624.102
MinimumVisualStudioVersion = 10.0.40219.1
Project("{FAE04EC0-301F-11D3-BF4B-00C04F79EFBC}") = "FinalATPM", "FinalATPM\FinalATPM.csproj", "{BD41E04C-F44C-4238-BF16-748FFADA7C0F}"
EndProject
Global
	GlobalSection(SolutionConfigurationPlatforms) = preSolution
		Debug|Any CPU = Debug|Any CPU
		Release|Any CPU = Release|Any CPU
	EndGlobalSection
	GlobalSection(ProjectConfigurationPlatforms) = postSolution
		{BD41E04C-F44C-4238-BF16-748FFADA7C0F}.Debug|Any CPU.ActiveCfg = Debug|Any CPU
		{BD41E04C-F44C-4238-BF16-748FFADA7C0F}.Debug|Any CPU.Build.0 = Debug|Any CPU
		{BD41E04C-F44C-4238-BF16-748FFADA7C0F}.Release|Any CPU.ActiveCfg = Release|Any CPU
		{BD41E04C-F44C-4238-BF16-748FFADA7C0F}.Release|Any CPU.Build.0 = Release|Any CPU
	EndGlobalSection
	GlobalSection(SolutionProperties) = preSolution
		HideSolutionNode = FALSE
	EndGlobalSection
	GlobalSection(ExtensibilityGlobals) = postSolution
		SolutionGuid = {361874D8-3C1C-4C7E-A473-2A17916A827C}
	EndGlobalSection
EndGlobal
